
Microsoft Visual Studio Solution File, Format Version 10.00
# Visual Studio 2008
Project("{FAE04EC0-301F-11D3-BF4B-00C04F79EFBC}") = "OSGridLauncher", "OSGridLauncher\OSGridLauncher.csproj", "{68DFF3B4-00E6-4B7B-ACB6-EBD18343C206}"
EndProject
Project("{FAE04EC0-301F-11D3-BF4B-00C04F79EFBC}") = "Tests", "Tests\Tests.csproj", "{B01E6498-3C2A-4810-B6E0-E20A1C9BB4A1}"
EndProject
Global
	GlobalSection(SolutionConfigurationPlatforms) = preSolution
		Debug|Any CPU = Debug|Any CPU
		Release|Any CPU = Release|Any CPU
	EndGlobalSection
	GlobalSection(ProjectConfigurationPlatforms) = postSolution
		{68DFF3B4-00E6-4B7B-ACB6-EBD18343C206}.Debug|Any CPU.ActiveCfg = Debug|Any CPU
		{68DFF3B4-00E6-4B7B-ACB6-EBD18343C206}.Debug|Any CPU.Build.0 = Debug|Any CPU
		{68DFF3B4-00E6-4B7B-ACB6-EBD18343C206}.Release|Any CPU.ActiveCfg = Release|Any CPU
		{68DFF3B4-00E6-4B7B-ACB6-EBD18343C206}.Release|Any CPU.Build.0 = Release|Any CPU
		{B01E6498-3C2A-4810-B6E0-E20A1C9BB4A1}.Debug|Any CPU.ActiveCfg = Debug|Any CPU
		{B01E6498-3C2A-4810-B6E0-E20A1C9BB4A1}.Debug|Any CPU.Build.0 = Debug|Any CPU
		{B01E6498-3C2A-4810-B6E0-E20A1C9BB4A1}.Release|Any CPU.ActiveCfg = Release|Any CPU
		{B01E6498-3C2A-4810-B6E0-E20A1C9BB4A1}.Release|Any CPU.Build.0 = Release|Any CPU
	EndGlobalSection
	GlobalSection(SolutionProperties) = preSolution
		HideSolutionNode = FALSE
	EndGlobalSection
EndGlobal
